# This file is automatically @generated by Cargo.
# It is not intended for manual editing.
[[package]]
name = "niente"
version = "0.1.0"
dependencies = [
 "strum 0.15.0 (registry+https://github.com/rust-lang/crates.io-index)",
]

[[package]]
name = "strum"
version = "0.15.0"
source = "registry+https://github.com/rust-lang/crates.io-index"

[metadata]
"checksum strum 0.15.0 (registry+https://github.com/rust-lang/crates.io-index)" = "e5d1c33039533f051704951680f1adfd468fd37ac46816ded0d9ee068e60f05f"
